
Microsoft Visual Studio Solution File, Format Version 12.00
# Visual Studio 15
VisualStudioVersion = 15.0.28307.757
MinimumVisualStudioVersion = 10.0.40219.1
Project("{262852C6-CD72-467D-83FE-5EEB1973A190}") = "DrPintoApp", "DrPintoApp.jsproj", "{76BAC7AF-D4F3-42C9-8B97-172B37887865}"
EndProject
Global
	GlobalSection(SolutionConfigurationPlatforms) = preSolution
		Debug|Android = Debug|Android
		Debug|iOS = Debug|iOS
		Debug|Windows-ARM = Debug|Windows-ARM
		Debug|Windows-x64 = Debug|Windows-x64
		Debug|Windows-x86 = Debug|Windows-x86
		Release|Android = Release|Android
		Release|iOS = Release|iOS
		Release|Windows-ARM = Release|Windows-ARM
		Release|Windows-x64 = Release|Windows-x64
		Release|Windows-x86 = Release|Windows-x86
	EndGlobalSection
	GlobalSection(ProjectConfigurationPlatforms) = postSolution
		{76BAC7AF-D4F3-42C9-8B97-172B37887865}.Debug|Android.ActiveCfg = Debug|Android
		{76BAC7AF-D4F3-42C9-8B97-172B37887865}.Debug|Android.Build.0 = Debug|Android
		{76BAC7AF-D4F3-42C9-8B97-172B37887865}.Debug|Android.Deploy.0 = Debug|Android
		{76BAC7AF-D4F3-42C9-8B97-172B37887865}.Debug|iOS.ActiveCfg = Debug|iOS
		{76BAC7AF-D4F3-42C9-8B97-172B37887865}.Debug|iOS.Build.0 = Debug|iOS
		{76BAC7AF-D4F3-42C9-8B97-172B37887865}.Debug|iOS.Deploy.0 = Debug|iOS
		{76BAC7AF-D4F3-42C9-8B97-172B37887865}.Debug|Windows-ARM.ActiveCfg = Debug|Windows-ARM
		{76BAC7AF-D4F3-42C9-8B97-172B37887865}.Debug|Windows-ARM.Build.0 = Debug|Windows-ARM
		{76BAC7AF-D4F3-42C9-8B97-172B37887865}.Debug|Windows-ARM.Deploy.0 = Debug|Windows-ARM
		{76BAC7AF-D4F3-42C9-8B97-172B37887865}.Debug|Windows-x64.ActiveCfg = Debug|Windows-x64
		{76BAC7AF-D4F3-42C9-8B97-172B37887865}.Debug|Windows-x64.Build.0 = Debug|Windows-x64
		{76BAC7AF-D4F3-42C9-8B97-172B37887865}.Debug|Windows-x64.Deploy.0 = Debug|Windows-x64
		{76BAC7AF-D4F3-42C9-8B97-172B37887865}.Debug|Windows-x86.ActiveCfg = Debug|Windows-x86
		{76BAC7AF-D4F3-42C9-8B97-172B37887865}.Debug|Windows-x86.Build.0 = Debug|Windows-x86
		{76BAC7AF-D4F3-42C9-8B97-172B37887865}.Debug|Windows-x86.Deploy.0 = Debug|Windows-x86
		{76BAC7AF-D4F3-42C9-8B97-172B37887865}.Release|Android.ActiveCfg = Release|Android
		{76BAC7AF-D4F3-42C9-8B97-172B37887865}.Release|Android.Build.0 = Release|Android
		{76BAC7AF-D4F3-42C9-8B97-172B37887865}.Release|Android.Deploy.0 = Release|Android
		{76BAC7AF-D4F3-42C9-8B97-172B37887865}.Release|iOS.ActiveCfg = Release|iOS
		{76BAC7AF-D4F3-42C9-8B97-172B37887865}.Release|iOS.Build.0 = Release|iOS
		{76BAC7AF-D4F3-42C9-8B97-172B37887865}.Release|iOS.Deploy.0 = Release|iOS
		{76BAC7AF-D4F3-42C9-8B97-172B37887865}.Release|Windows-ARM.ActiveCfg = Release|Windows-ARM
		{76BAC7AF-D4F3-42C9-8B97-172B37887865}.Release|Windows-ARM.Build.0 = Release|Windows-ARM
		{76BAC7AF-D4F3-42C9-8B97-172B37887865}.Release|Windows-ARM.Deploy.0 = Release|Windows-ARM
		{76BAC7AF-D4F3-42C9-8B97-172B37887865}.Release|Windows-x64.ActiveCfg = Release|Windows-x64
		{76BAC7AF-D4F3-42C9-8B97-172B37887865}.Release|Windows-x64.Build.0 = Release|Windows-x64
		{76BAC7AF-D4F3-42C9-8B97-172B37887865}.Release|Windows-x64.Deploy.0 = Release|Windows-x64
		{76BAC7AF-D4F3-42C9-8B97-172B37887865}.Release|Windows-x86.ActiveCfg = Release|Windows-x86
		{76BAC7AF-D4F3-42C9-8B97-172B37887865}.Release|Windows-x86.Build.0 = Release|Windows-x86
		{76BAC7AF-D4F3-42C9-8B97-172B37887865}.Release|Windows-x86.Deploy.0 = Release|Windows-x86
	EndGlobalSection
	GlobalSection(SolutionProperties) = preSolution
		HideSolutionNode = FALSE
	EndGlobalSection
	GlobalSection(ExtensibilityGlobals) = postSolution
		SolutionGuid = {A16F0B73-7FA8-4C1A-A4C2-7A3E1019543E}
	EndGlobalSection
EndGlobal
